
Microsoft Visual Studio Solution File, Format Version 12.00
# Visual Studio Version 16
VisualStudioVersion = 16.0.31321.278
MinimumVisualStudioVersion = 10.0.40219.1
Project("{FAE04EC0-301F-11D3-BF4B-00C04F79EFBC}") = "Tetris.Domain", "Tetris.Domain\Tetris.Domain.csproj", "{95FEDCB6-508F-4DDD-93C8-DD3405D63D2C}"
EndProject
Project("{FAE04EC0-301F-11D3-BF4B-00C04F79EFBC}") = "Tetris.Application", "Tetris.Application\Tetris.Application.csproj", "{149C06EC-FCCB-4030-9A1B-B21DBD2EF757}"
EndProject
Project("{FAE04EC0-301F-11D3-BF4B-00C04F79EFBC}") = "Tetris.Infrastructure", "Tetris.Infrastructure\Tetris.Infrastructure.csproj", "{B4DE7AE7-F586-44A6-9A34-EDFF3ED7071F}"
EndProject
Project("{FAE04EC0-301F-11D3-BF4B-00C04F79EFBC}") = "Tetris.Domain.Tests", "Tetris.Domain.Tests\Tetris.Domain.Tests.csproj", "{2FEFCE29-CC65-427F-BBE4-303B8FACD0E8}"
EndProject
Project("{FAE04EC0-301F-11D3-BF4B-00C04F79EFBC}") = "Tetris.Application.Tests", "Tetris.Application.Tests\Tetris.Application.Tests.csproj", "{4F73BE09-0E9B-4507-81AD-5106C4625615}"
EndProject
Project("{FAE04EC0-301F-11D3-BF4B-00C04F79EFBC}") = "Tetris.Infrastructure.Tests", "Tetris.Infrastructure.Tests\Tetris.Infrastructure.Tests.csproj", "{FA5AF86A-0EDD-43EE-AA3C-50DF48DEEB26}"
EndProject
Project("{FAE04EC0-301F-11D3-BF4B-00C04F79EFBC}") = "Tetris.Avalonia", "Tetris.Avalonia\Tetris.Avalonia.csproj", "{46D25DB5-CBB1-430D-A1A4-C19116B814BF}"
EndProject
Project("{FAE04EC0-301F-11D3-BF4B-00C04F79EFBC}") = "Tetris.Avalonia.Tests", "Tetris.Avalonia.Tests\Tetris.Avalonia.Tests.csproj", "{07F05337-ACA0-480B-90EE-582E8FEE903F}"
EndProject
Global
	GlobalSection(SolutionConfigurationPlatforms) = preSolution
		Debug|Any CPU = Debug|Any CPU
		Debug|x64 = Debug|x64
		Debug|x86 = Debug|x86
		Release|Any CPU = Release|Any CPU
		Release|x64 = Release|x64
		Release|x86 = Release|x86
	EndGlobalSection
	GlobalSection(ProjectConfigurationPlatforms) = postSolution
		{95FEDCB6-508F-4DDD-93C8-DD3405D63D2C}.Debug|Any CPU.ActiveCfg = Debug|Any CPU
		{95FEDCB6-508F-4DDD-93C8-DD3405D63D2C}.Debug|Any CPU.Build.0 = Debug|Any CPU
		{95FEDCB6-508F-4DDD-93C8-DD3405D63D2C}.Debug|x64.ActiveCfg = Debug|Any CPU
		{95FEDCB6-508F-4DDD-93C8-DD3405D63D2C}.Debug|x64.Build.0 = Debug|Any CPU
		{95FEDCB6-508F-4DDD-93C8-DD3405D63D2C}.Debug|x86.ActiveCfg = Debug|Any CPU
		{95FEDCB6-508F-4DDD-93C8-DD3405D63D2C}.Debug|x86.Build.0 = Debug|Any CPU
		{95FEDCB6-508F-4DDD-93C8-DD3405D63D2C}.Release|Any CPU.ActiveCfg = Release|Any CPU
		{95FEDCB6-508F-4DDD-93C8-DD3405D63D2C}.Release|Any CPU.Build.0 = Release|Any CPU
		{95FEDCB6-508F-4DDD-93C8-DD3405D63D2C}.Release|x64.ActiveCfg = Release|Any CPU
		{95FEDCB6-508F-4DDD-93C8-DD3405D63D2C}.Release|x64.Build.0 = Release|Any CPU
		{95FEDCB6-508F-4DDD-93C8-DD3405D63D2C}.Release|x86.ActiveCfg = Release|Any CPU
		{95FEDCB6-508F-4DDD-93C8-DD3405D63D2C}.Release|x86.Build.0 = Release|Any CPU
		{149C06EC-FCCB-4030-9A1B-B21DBD2EF757}.Debug|Any CPU.ActiveCfg = Debug|Any CPU
		{149C06EC-FCCB-4030-9A1B-B21DBD2EF757}.Debug|Any CPU.Build.0 = Debug|Any CPU
		{149C06EC-FCCB-4030-9A1B-B21DBD2EF757}.Debug|x64.ActiveCfg = Debug|Any CPU
		{149C06EC-FCCB-4030-9A1B-B21DBD2EF757}.Debug|x64.Build.0 = Debug|Any CPU
		{149C06EC-FCCB-4030-9A1B-B21DBD2EF757}.Debug|x86.ActiveCfg = Debug|Any CPU
		{149C06EC-FCCB-4030-9A1B-B21DBD2EF757}.Debug|x86.Build.0 = Debug|Any CPU
		{149C06EC-FCCB-4030-9A1B-B21DBD2EF757}.Release|Any CPU.ActiveCfg = Release|Any CPU
		{149C06EC-FCCB-4030-9A1B-B21DBD2EF757}.Release|Any CPU.Build.0 = Release|Any CPU
		{149C06EC-FCCB-4030-9A1B-B21DBD2EF757}.Release|x64.ActiveCfg = Release|Any CPU
		{149C06EC-FCCB-4030-9A1B-B21DBD2EF757}.Release|x64.Build.0 = Release|Any CPU
		{149C06EC-FCCB-4030-9A1B-B21DBD2EF757}.Release|x86.ActiveCfg = Release|Any CPU
		{149C06EC-FCCB-4030-9A1B-B21DBD2EF757}.Release|x86.Build.0 = Release|Any CPU
		{B4DE7AE7-F586-44A6-9A34-EDFF3ED7071F}.Debug|Any CPU.ActiveCfg = Debug|Any CPU
		{B4DE7AE7-F586-44A6-9A34-EDFF3ED7071F}.Debug|Any CPU.Build.0 = Debug|Any CPU
		{B4DE7AE7-F586-44A6-9A34-EDFF3ED7071F}.Debug|x64.ActiveCfg = Debug|Any CPU
		{B4DE7AE7-F586-44A6-9A34-EDFF3ED7071F}.Debug|x64.Build.0 = Debug|Any CPU
		{B4DE7AE7-F586-44A6-9A34-EDFF3ED7071F}.Debug|x86.ActiveCfg = Debug|Any CPU
		{B4DE7AE7-F586-44A6-9A34-EDFF3ED7071F}.Debug|x86.Build.0 = Debug|Any CPU
		{B4DE7AE7-F586-44A6-9A34-EDFF3ED7071F}.Release|Any CPU.ActiveCfg = Release|Any CPU
		{B4DE7AE7-F586-44A6-9A34-EDFF3ED7071F}.Release|Any CPU.Build.0 = Release|Any CPU
		{B4DE7AE7-F586-44A6-9A34-EDFF3ED7071F}.Release|x64.ActiveCfg = Release|Any CPU
		{B4DE7AE7-F586-44A6-9A34-EDFF3ED7071F}.Release|x64.Build.0 = Release|Any CPU
		{B4DE7AE7-F586-44A6-9A34-EDFF3ED7071F}.Release|x86.ActiveCfg = Release|Any CPU
		{B4DE7AE7-F586-44A6-9A34-EDFF3ED7071F}.Release|x86.Build.0 = Release|Any CPU
		{2FEFCE29-CC65-427F-BBE4-303B8FACD0E8}.Debug|Any CPU.ActiveCfg = Debug|Any CPU
		{2FEFCE29-CC65-427F-BBE4-303B8FACD0E8}.Debug|Any CPU.Build.0 = Debug|Any CPU
		{2FEFCE29-CC65-427F-BBE4-303B8FACD0E8}.Debug|x64.ActiveCfg = Debug|Any CPU
		{2FEFCE29-CC65-427F-BBE4-303B8FACD0E8}.Debug|x64.Build.0 = Debug|Any CPU
		{2FEFCE29-CC65-427F-BBE4-303B8FACD0E8}.Debug|x86.ActiveCfg = Debug|Any CPU
		{2FEFCE29-CC65-427F-BBE4-303B8FACD0E8}.Debug|x86.Build.0 = Debug|Any CPU
		{2FEFCE29-CC65-427F-BBE4-303B8FACD0E8}.Release|Any CPU.ActiveCfg = Release|Any CPU
		{2FEFCE29-CC65-427F-BBE4-303B8FACD0E8}.Release|Any CPU.Build.0 = Release|Any CPU
		{2FEFCE29-CC65-427F-BBE4-303B8FACD0E8}.Release|x64.ActiveCfg = Release|Any CPU
		{2FEFCE29-CC65-427F-BBE4-303B8FACD0E8}.Release|x64.Build.0 = Release|Any CPU
		{2FEFCE29-CC65-427F-BBE4-303B8FACD0E8}.Release|x86.ActiveCfg = Release|Any CPU
		{2FEFCE29-CC65-427F-BBE4-303B8FACD0E8}.Release|x86.Build.0 = Release|Any CPU
		{4F73BE09-0E9B-4507-81AD-5106C4625615}.Debug|Any CPU.ActiveCfg = Debug|Any CPU
		{4F73BE09-0E9B-4507-81AD-5106C4625615}.Debug|Any CPU.Build.0 = Debug|Any CPU
		{4F73BE09-0E9B-4507-81AD-5106C4625615}.Debug|x64.ActiveCfg = Debug|Any CPU
		{4F73BE09-0E9B-4507-81AD-5106C4625615}.Debug|x64.Build.0 = Debug|Any CPU
		{4F73BE09-0E9B-4507-81AD-5106C4625615}.Debug|x86.ActiveCfg = Debug|Any CPU
		{4F73BE09-0E9B-4507-81AD-5106C4625615}.Debug|x86.Build.0 = Debug|Any CPU
		{4F73BE09-0E9B-4507-81AD-5106C4625615}.Release|Any CPU.ActiveCfg = Release|Any CPU
		{4F73BE09-0E9B-4507-81AD-5106C4625615}.Release|Any CPU.Build.0 = Release|Any CPU
		{4F73BE09-0E9B-4507-81AD-5106C4625615}.Release|x64.ActiveCfg = Release|Any CPU
		{4F73BE09-0E9B-4507-81AD-5106C4625615}.Release|x64.Build.0 = Release|Any CPU
		{4F73BE09-0E9B-4507-81AD-5106C4625615}.Release|x86.ActiveCfg = Release|Any CPU
		{4F73BE09-0E9B-4507-81AD-5106C4625615}.Release|x86.Build.0 = Release|Any CPU
		{FA5AF86A-0EDD-43EE-AA3C-50DF48DEEB26}.Debug|Any CPU.ActiveCfg = Debug|Any CPU
		{FA5AF86A-0EDD-43EE-AA3C-50DF48DEEB26}.Debug|Any CPU.Build.0 = Debug|Any CPU
		{FA5AF86A-0EDD-43EE-AA3C-50DF48DEEB26}.Debug|x64.ActiveCfg = Debug|Any CPU
		{FA5AF86A-0EDD-43EE-AA3C-50DF48DEEB26}.Debug|x64.Build.0 = Debug|Any CPU
		{FA5AF86A-0EDD-43EE-AA3C-50DF48DEEB26}.Debug|x86.ActiveCfg = Debug|Any CPU
		{FA5AF86A-0EDD-43EE-AA3C-50DF48DEEB26}.Debug|x86.Build.0 = Debug|Any CPU
		{FA5AF86A-0EDD-43EE-AA3C-50DF48DEEB26}.Release|Any CPU.ActiveCfg = Release|Any CPU
		{FA5AF86A-0EDD-43EE-AA3C-50DF48DEEB26}.Release|Any CPU.Build.0 = Release|Any CPU
		{FA5AF86A-0EDD-43EE-AA3C-50DF48DEEB26}.Release|x64.ActiveCfg = Release|Any CPU
		{FA5AF86A-0EDD-43EE-AA3C-50DF48DEEB26}.Release|x64.Build.0 = Release|Any CPU
		{FA5AF86A-0EDD-43EE-AA3C-50DF48DEEB26}.Release|x86.ActiveCfg = Release|Any CPU
		{FA5AF86A-0EDD-43EE-AA3C-50DF48DEEB26}.Release|x86.Build.0 = Release|Any CPU
		{46D25DB5-CBB1-430D-A1A4-C19116B814BF}.Debug|Any CPU.ActiveCfg = Debug|Any CPU
		{46D25DB5-CBB1-430D-A1A4-C19116B814BF}.Debug|Any CPU.Build.0 = Debug|Any CPU
		{46D25DB5-CBB1-430D-A1A4-C19116B814BF}.Debug|x64.ActiveCfg = Debug|Any CPU
		{46D25DB5-CBB1-430D-A1A4-C19116B814BF}.Debug|x64.Build.0 = Debug|Any CPU
		{46D25DB5-CBB1-430D-A1A4-C19116B814BF}.Debug|x86.ActiveCfg = Debug|Any CPU
		{46D25DB5-CBB1-430D-A1A4-C19116B814BF}.Debug|x86.Build.0 = Debug|Any CPU
		{46D25DB5-CBB1-430D-A1A4-C19116B814BF}.Release|Any CPU.ActiveCfg = Release|Any CPU
		{46D25DB5-CBB1-430D-A1A4-C19116B814BF}.Release|Any CPU.Build.0 = Release|Any CPU
		{46D25DB5-CBB1-430D-A1A4-C19116B814BF}.Release|x64.ActiveCfg = Release|Any CPU
		{46D25DB5-CBB1-430D-A1A4-C19116B814BF}.Release|x64.Build.0 = Release|Any CPU
		{46D25DB5-CBB1-430D-A1A4-C19116B814BF}.Release|x86.ActiveCfg = Release|Any CPU
		{46D25DB5-CBB1-430D-A1A4-C19116B814BF}.Release|x86.Build.0 = Release|Any CPU
		{07F05337-ACA0-480B-90EE-582E8FEE903F}.Debug|Any CPU.ActiveCfg = Debug|Any CPU
		{07F05337-ACA0-480B-90EE-582E8FEE903F}.Debug|Any CPU.Build.0 = Debug|Any CPU
		{07F05337-ACA0-480B-90EE-582E8FEE903F}.Debug|x64.ActiveCfg = Debug|Any CPU
		{07F05337-ACA0-480B-90EE-582E8FEE903F}.Debug|x64.Build.0 = Debug|Any CPU
		{07F05337-ACA0-480B-90EE-582E8FEE903F}.Debug|x86.ActiveCfg = Debug|Any CPU
		{07F05337-ACA0-480B-90EE-582E8FEE903F}.Debug|x86.Build.0 = Debug|Any CPU
		{07F05337-ACA0-480B-90EE-582E8FEE903F}.Release|Any CPU.ActiveCfg = Release|Any CPU
		{07F05337-ACA0-480B-90EE-582E8FEE903F}.Release|Any CPU.Build.0 = Release|Any CPU
		{07F05337-ACA0-480B-90EE-582E8FEE903F}.Release|x64.ActiveCfg = Release|Any CPU
		{07F05337-ACA0-480B-90EE-582E8FEE903F}.Release|x64.Build.0 = Release|Any CPU
		{07F05337-ACA0-480B-90EE-582E8FEE903F}.Release|x86.ActiveCfg = Release|Any CPU
		{07F05337-ACA0-480B-90EE-582E8FEE903F}.Release|x86.Build.0 = Release|Any CPU
	EndGlobalSection
	GlobalSection(SolutionProperties) = preSolution
		HideSolutionNode = FALSE
	EndGlobalSection
	GlobalSection(ExtensibilityGlobals) = postSolution
		SolutionGuid = {FD86DF6B-B896-4EA3-87D2-550FBA191AD4}
	EndGlobalSection
EndGlobal
